
Microsoft Visual Studio Solution File, Format Version 12.00
Project("{FAE04EC0-301F-11D3-BF4B-00C04F79EFBC}") = "ExpressDeliveryApp", "ExpressDeliveryApp\ExpressDeliveryApp.csproj", "{D438EB73-C949-4FA3-B0ED-609D8C218E7E}"
EndProject
Global
	GlobalSection(SolutionConfigurationPlatforms) = preSolution
		Debug|Any CPU = Debug|Any CPU
		Release|Any CPU = Release|Any CPU
	EndGlobalSection
	GlobalSection(ProjectConfigurationPlatforms) = postSolution
		{D438EB73-C949-4FA3-B0ED-609D8C218E7E}.Debug|Any CPU.ActiveCfg = Debug|Any CPU
		{D438EB73-C949-4FA3-B0ED-609D8C218E7E}.Debug|Any CPU.Build.0 = Debug|Any CPU
		{D438EB73-C949-4FA3-B0ED-609D8C218E7E}.Release|Any CPU.ActiveCfg = Release|Any CPU
		{D438EB73-C949-4FA3-B0ED-609D8C218E7E}.Release|Any CPU.Build.0 = Release|Any CPU
	EndGlobalSection
EndGlobal
