
Microsoft Visual Studio Solution File, Format Version 12.00
Project("{FAE04EC0-301F-11D3-BF4B-00C04F79EFBC}") = "ExpressDeliveryApp", "ExpressDeliveryApp\ExpressDeliveryApp.csproj", "{D438EB73-C949-4FA3-B0ED-609D8C218E7E}"
EndProject
Project("{FAE04EC0-301F-11D3-BF4B-00C04F79EFBC}") = "ExpressDeliveryApp.Domain", "ExpressDeliveryApp.Domain\ExpressDeliveryApp.Domain.csproj", "{084B1F38-59DD-43D9-88BA-03CF418687F4}"
EndProject
Project("{FAE04EC0-301F-11D3-BF4B-00C04F79EFBC}") = "ExpressDeliveryApp.Repository", "ExpressDeliveryApp.Repository\ExpressDeliveryApp.Repository.csproj", "{44AEE595-ECFF-4603-ACB7-8112DD677F5B}"
EndProject
Project("{FAE04EC0-301F-11D3-BF4B-00C04F79EFBC}") = "ExpressDeliveryApp.Service", "ExpressDeliveryApp.Service\ExpressDeliveryApp.Service.csproj", "{3B0B5087-C24D-4785-8577-3C5F7CCBF7D5}"
EndProject
Global
	GlobalSection(SolutionConfigurationPlatforms) = preSolution
		Debug|Any CPU = Debug|Any CPU
		Release|Any CPU = Release|Any CPU
	EndGlobalSection
	GlobalSection(ProjectConfigurationPlatforms) = postSolution
		{D438EB73-C949-4FA3-B0ED-609D8C218E7E}.Debug|Any CPU.ActiveCfg = Debug|Any CPU
		{D438EB73-C949-4FA3-B0ED-609D8C218E7E}.Debug|Any CPU.Build.0 = Debug|Any CPU
		{D438EB73-C949-4FA3-B0ED-609D8C218E7E}.Release|Any CPU.ActiveCfg = Release|Any CPU
		{D438EB73-C949-4FA3-B0ED-609D8C218E7E}.Release|Any CPU.Build.0 = Release|Any CPU
		{084B1F38-59DD-43D9-88BA-03CF418687F4}.Debug|Any CPU.ActiveCfg = Debug|Any CPU
		{084B1F38-59DD-43D9-88BA-03CF418687F4}.Debug|Any CPU.Build.0 = Debug|Any CPU
		{084B1F38-59DD-43D9-88BA-03CF418687F4}.Release|Any CPU.ActiveCfg = Release|Any CPU
		{084B1F38-59DD-43D9-88BA-03CF418687F4}.Release|Any CPU.Build.0 = Release|Any CPU
		{44AEE595-ECFF-4603-ACB7-8112DD677F5B}.Debug|Any CPU.ActiveCfg = Debug|Any CPU
		{44AEE595-ECFF-4603-ACB7-8112DD677F5B}.Debug|Any CPU.Build.0 = Debug|Any CPU
		{44AEE595-ECFF-4603-ACB7-8112DD677F5B}.Release|Any CPU.ActiveCfg = Release|Any CPU
		{44AEE595-ECFF-4603-ACB7-8112DD677F5B}.Release|Any CPU.Build.0 = Release|Any CPU
		{3B0B5087-C24D-4785-8577-3C5F7CCBF7D5}.Debug|Any CPU.ActiveCfg = Debug|Any CPU
		{3B0B5087-C24D-4785-8577-3C5F7CCBF7D5}.Debug|Any CPU.Build.0 = Debug|Any CPU
		{3B0B5087-C24D-4785-8577-3C5F7CCBF7D5}.Release|Any CPU.ActiveCfg = Release|Any CPU
		{3B0B5087-C24D-4785-8577-3C5F7CCBF7D5}.Release|Any CPU.Build.0 = Release|Any CPU
	EndGlobalSection
EndGlobal
